
Microsoft Visual Studio Solution File, Format Version 12.00
# Visual Studio Version 16
VisualStudioVersion = 16.0.29424.173
MinimumVisualStudioVersion = 10.0.40219.1
Project("{9A19103F-16F7-4668-BE54-9A1E7A4F7556}") = "TonicCertificateGenerator", "TonicCertificateGenerator\TonicCertificateGenerator.csproj", "{AF6A25BB-3EC5-4D45-B239-AF659B3D23B4}"
EndProject
Project("{9A19103F-16F7-4668-BE54-9A1E7A4F7556}") = "BusinessLayer", "BusinessLayer\BusinessLayer.csproj", "{F435F82F-A145-4473-8FE0-2ABD70CCEDB8}"
EndProject
Project("{9A19103F-16F7-4668-BE54-9A1E7A4F7556}") = "DataAccessLayer", "DataAccessLayer\DataAccessLayer.csproj", "{252F6258-9682-4E92-BD8E-74CCDD76E012}"
EndProject
Project("{9A19103F-16F7-4668-BE54-9A1E7A4F7556}") = "BusinessLayerTests", "BusinessLayerTests\BusinessLayerTests.csproj", "{979AF133-8CBA-499E-A13B-8AABA0665780}"
EndProject
Project("{9A19103F-16F7-4668-BE54-9A1E7A4F7556}") = "DataAccessLayerTests", "DataAccessLayerTests\DataAccessLayerTests.csproj", "{61AA6C91-0318-4E4D-91C2-3E65FAE06829}"
EndProject
Project("{9A19103F-16F7-4668-BE54-9A1E7A4F7556}") = "Models", "Models\Models.csproj", "{57EA1E82-1BFC-4C2B-90B4-36EE7D56309B}"
EndProject
Global
	GlobalSection(SolutionConfigurationPlatforms) = preSolution
		Debug|Any CPU = Debug|Any CPU
		Release|Any CPU = Release|Any CPU
	EndGlobalSection
	GlobalSection(ProjectConfigurationPlatforms) = postSolution
		{AF6A25BB-3EC5-4D45-B239-AF659B3D23B4}.Debug|Any CPU.ActiveCfg = Debug|Any CPU
		{AF6A25BB-3EC5-4D45-B239-AF659B3D23B4}.Debug|Any CPU.Build.0 = Debug|Any CPU
		{AF6A25BB-3EC5-4D45-B239-AF659B3D23B4}.Release|Any CPU.ActiveCfg = Release|Any CPU
		{AF6A25BB-3EC5-4D45-B239-AF659B3D23B4}.Release|Any CPU.Build.0 = Release|Any CPU
		{F435F82F-A145-4473-8FE0-2ABD70CCEDB8}.Debug|Any CPU.ActiveCfg = Debug|Any CPU
		{F435F82F-A145-4473-8FE0-2ABD70CCEDB8}.Debug|Any CPU.Build.0 = Debug|Any CPU
		{F435F82F-A145-4473-8FE0-2ABD70CCEDB8}.Release|Any CPU.ActiveCfg = Release|Any CPU
		{F435F82F-A145-4473-8FE0-2ABD70CCEDB8}.Release|Any CPU.Build.0 = Release|Any CPU
		{252F6258-9682-4E92-BD8E-74CCDD76E012}.Debug|Any CPU.ActiveCfg = Debug|Any CPU
		{252F6258-9682-4E92-BD8E-74CCDD76E012}.Debug|Any CPU.Build.0 = Debug|Any CPU
		{252F6258-9682-4E92-BD8E-74CCDD76E012}.Release|Any CPU.ActiveCfg = Release|Any CPU
		{252F6258-9682-4E92-BD8E-74CCDD76E012}.Release|Any CPU.Build.0 = Release|Any CPU
		{979AF133-8CBA-499E-A13B-8AABA0665780}.Debug|Any CPU.ActiveCfg = Debug|Any CPU
		{979AF133-8CBA-499E-A13B-8AABA0665780}.Debug|Any CPU.Build.0 = Debug|Any CPU
		{979AF133-8CBA-499E-A13B-8AABA0665780}.Release|Any CPU.ActiveCfg = Release|Any CPU
		{979AF133-8CBA-499E-A13B-8AABA0665780}.Release|Any CPU.Build.0 = Release|Any CPU
		{61AA6C91-0318-4E4D-91C2-3E65FAE06829}.Debug|Any CPU.ActiveCfg = Debug|Any CPU
		{61AA6C91-0318-4E4D-91C2-3E65FAE06829}.Debug|Any CPU.Build.0 = Debug|Any CPU
		{61AA6C91-0318-4E4D-91C2-3E65FAE06829}.Release|Any CPU.ActiveCfg = Release|Any CPU
		{61AA6C91-0318-4E4D-91C2-3E65FAE06829}.Release|Any CPU.Build.0 = Release|Any CPU
		{57EA1E82-1BFC-4C2B-90B4-36EE7D56309B}.Debug|Any CPU.ActiveCfg = Debug|Any CPU
		{57EA1E82-1BFC-4C2B-90B4-36EE7D56309B}.Debug|Any CPU.Build.0 = Debug|Any CPU
		{57EA1E82-1BFC-4C2B-90B4-36EE7D56309B}.Release|Any CPU.ActiveCfg = Release|Any CPU
		{57EA1E82-1BFC-4C2B-90B4-36EE7D56309B}.Release|Any CPU.Build.0 = Release|Any CPU
	EndGlobalSection
	GlobalSection(SolutionProperties) = preSolution
		HideSolutionNode = FALSE
	EndGlobalSection
	GlobalSection(ExtensibilityGlobals) = postSolution
		SolutionGuid = {23A8287C-0D57-4FCC-8474-75C40F43BDA4}
	EndGlobalSection
EndGlobal
